
Microsoft Visual Studio Solution File, Format Version 12.00
# Visual Studio Version 17
VisualStudioVersion = 17.7.34024.191
MinimumVisualStudioVersion = 10.0.40219.1
Project("{FAE04EC0-301F-11D3-BF4B-00C04F79EFBC}") = "TheMess", "TheMess.csproj", "{F3FF00AE-4259-4AFC-A4D3-70CB03EB9498}"
EndProject
Global
	GlobalSection(SolutionConfigurationPlatforms) = preSolution
		Debug|Any CPU = Debug|Any CPU
		Release|Any CPU = Release|Any CPU
	EndGlobalSection
	GlobalSection(ProjectConfigurationPlatforms) = postSolution
		{F3FF00AE-4259-4AFC-A4D3-70CB03EB9498}.Debug|Any CPU.ActiveCfg = Debug|Any CPU
		{F3FF00AE-4259-4AFC-A4D3-70CB03EB9498}.Debug|Any CPU.Build.0 = Debug|Any CPU
		{F3FF00AE-4259-4AFC-A4D3-70CB03EB9498}.Release|Any CPU.ActiveCfg = Release|Any CPU
		{F3FF00AE-4259-4AFC-A4D3-70CB03EB9498}.Release|Any CPU.Build.0 = Release|Any CPU
	EndGlobalSection
	GlobalSection(SolutionProperties) = preSolution
		HideSolutionNode = FALSE
	EndGlobalSection
	GlobalSection(ExtensibilityGlobals) = postSolution
		SolutionGuid = {23C6157D-20BE-4502-ADCC-F1E8EC197ADB}
	EndGlobalSection
EndGlobal
